
Microsoft Visual Studio Solution File, Format Version 12.00
# Visual Studio 15
VisualStudioVersion = 15.0.27428.2005
MinimumVisualStudioVersion = 10.0.40219.1
Project("{FAE04EC0-301F-11D3-BF4B-00C04F79EFBC}") = "vidlyProject", "vidlyProject\vidlyProject.csproj", "{ADC42F65-6031-428C-B2AE-5F20F534DEF5}"
EndProject
Global
	GlobalSection(SolutionConfigurationPlatforms) = preSolution
		Debug|Any CPU = Debug|Any CPU
		Release|Any CPU = Release|Any CPU
	EndGlobalSection
	GlobalSection(ProjectConfigurationPlatforms) = postSolution
		{ADC42F65-6031-428C-B2AE-5F20F534DEF5}.Debug|Any CPU.ActiveCfg = Debug|Any CPU
		{ADC42F65-6031-428C-B2AE-5F20F534DEF5}.Debug|Any CPU.Build.0 = Debug|Any CPU
		{ADC42F65-6031-428C-B2AE-5F20F534DEF5}.Release|Any CPU.ActiveCfg = Release|Any CPU
		{ADC42F65-6031-428C-B2AE-5F20F534DEF5}.Release|Any CPU.Build.0 = Release|Any CPU
	EndGlobalSection
	GlobalSection(SolutionProperties) = preSolution
		HideSolutionNode = FALSE
	EndGlobalSection
	GlobalSection(ExtensibilityGlobals) = postSolution
		SolutionGuid = {04CB094D-D0F9-460F-9F71-A2E7A4B090C9}
	EndGlobalSection
EndGlobal
